
Microsoft Visual Studio Solution File, Format Version 12.00
# Visual Studio 15
VisualStudioVersion = 15.0.28307.1169
MinimumVisualStudioVersion = 10.0.40219.1
Project("{9A19103F-16F7-4668-BE54-9A1E7A4F7556}") = "TesteSoftPlan", "TesteSoftPlan\TesteSoftPlan.csproj", "{633CE66F-6B80-4221-8B0D-8530BF0873FA}"
	ProjectSection(ProjectDependencies) = postProject
		{B843B040-B696-4048-9457-7D0F807C3125} = {B843B040-B696-4048-9457-7D0F807C3125}
	EndProjectSection
EndProject
Project("{9A19103F-16F7-4668-BE54-9A1E7A4F7556}") = "TesteSoftPlanAPI", "TesteSoftPlanAPI\TesteSoftPlanAPI.csproj", "{B843B040-B696-4048-9457-7D0F807C3125}"
EndProject
Project("{FAE04EC0-301F-11D3-BF4B-00C04F79EFBC}") = "Dominio", "Dominio\Dominio.csproj", "{2ACB4550-F985-40C1-984D-19EAD26D32B3}"
EndProject
Project("{FAE04EC0-301F-11D3-BF4B-00C04F79EFBC}") = "Repositorio", "Repositorio\Repositorio.csproj", "{0EA7FA29-EA7F-42AB-9428-89835FE9964A}"
EndProject
Project("{FAE04EC0-301F-11D3-BF4B-00C04F79EFBC}") = "Service", "Service\Service.csproj", "{C872F303-117F-4C7B-9219-33D1AA3EB524}"
EndProject
Global
	GlobalSection(SolutionConfigurationPlatforms) = preSolution
		Debug|Any CPU = Debug|Any CPU
		Release|Any CPU = Release|Any CPU
	EndGlobalSection
	GlobalSection(ProjectConfigurationPlatforms) = postSolution
		{633CE66F-6B80-4221-8B0D-8530BF0873FA}.Debug|Any CPU.ActiveCfg = Debug|Any CPU
		{633CE66F-6B80-4221-8B0D-8530BF0873FA}.Debug|Any CPU.Build.0 = Debug|Any CPU
		{633CE66F-6B80-4221-8B0D-8530BF0873FA}.Release|Any CPU.ActiveCfg = Release|Any CPU
		{633CE66F-6B80-4221-8B0D-8530BF0873FA}.Release|Any CPU.Build.0 = Release|Any CPU
		{B843B040-B696-4048-9457-7D0F807C3125}.Debug|Any CPU.ActiveCfg = Debug|Any CPU
		{B843B040-B696-4048-9457-7D0F807C3125}.Debug|Any CPU.Build.0 = Debug|Any CPU
		{B843B040-B696-4048-9457-7D0F807C3125}.Release|Any CPU.ActiveCfg = Release|Any CPU
		{B843B040-B696-4048-9457-7D0F807C3125}.Release|Any CPU.Build.0 = Release|Any CPU
		{2ACB4550-F985-40C1-984D-19EAD26D32B3}.Debug|Any CPU.ActiveCfg = Debug|Any CPU
		{2ACB4550-F985-40C1-984D-19EAD26D32B3}.Debug|Any CPU.Build.0 = Debug|Any CPU
		{2ACB4550-F985-40C1-984D-19EAD26D32B3}.Release|Any CPU.ActiveCfg = Release|Any CPU
		{2ACB4550-F985-40C1-984D-19EAD26D32B3}.Release|Any CPU.Build.0 = Release|Any CPU
		{0EA7FA29-EA7F-42AB-9428-89835FE9964A}.Debug|Any CPU.ActiveCfg = Debug|Any CPU
		{0EA7FA29-EA7F-42AB-9428-89835FE9964A}.Debug|Any CPU.Build.0 = Debug|Any CPU
		{0EA7FA29-EA7F-42AB-9428-89835FE9964A}.Release|Any CPU.ActiveCfg = Release|Any CPU
		{0EA7FA29-EA7F-42AB-9428-89835FE9964A}.Release|Any CPU.Build.0 = Release|Any CPU
		{C872F303-117F-4C7B-9219-33D1AA3EB524}.Debug|Any CPU.ActiveCfg = Debug|Any CPU
		{C872F303-117F-4C7B-9219-33D1AA3EB524}.Debug|Any CPU.Build.0 = Debug|Any CPU
		{C872F303-117F-4C7B-9219-33D1AA3EB524}.Release|Any CPU.ActiveCfg = Release|Any CPU
		{C872F303-117F-4C7B-9219-33D1AA3EB524}.Release|Any CPU.Build.0 = Release|Any CPU
	EndGlobalSection
	GlobalSection(SolutionProperties) = preSolution
		HideSolutionNode = FALSE
	EndGlobalSection
	GlobalSection(ExtensibilityGlobals) = postSolution
		SolutionGuid = {29CF0F0F-172B-4DC6-8950-23E01F54C1BC}
	EndGlobalSection
EndGlobal
